# This file is autogenerated, do not edit; changes may be undone by the next 'dep ensure'.


[[projects]]
  name = "github.com/Travix-International/go-metrics"
  packages = ["."]
  revision = "812b72ed0b70e13b82d20e4db3a2b18cbc39130b"
  version = "v1.1.0"

[[projects]]
  name = "github.com/Travix-International/logger"
  packages = ["."]
  revision = "aba10dbc638a4a1bf04775f8ad6804282c95ecc5"
  version = "v0.5.0"

[[projects]]
  branch = "master"
  name = "github.com/beorn7/perks"
  packages = ["quantile"]
  revision = "4c0e84591b9aa9e6dcfdf3e020114cd81f89d5f9"

[[projects]]
  name = "github.com/davecgh/go-spew"
  packages = ["spew"]
  revision = "346938d642f2ec3594ed81d874461961cd0faa76"
  version = "v1.1.0"

[[projects]]
  branch = "master"
  name = "github.com/golang/protobuf"
  packages = ["proto"]
  revision = "ae59567b9aab61b50b2590679a62c3c044030b61"

[[projects]]
  name = "github.com/julienschmidt/httprouter"
  packages = ["."]
  revision = "8c199fb6259ffc1af525cc3ad52ee60ba8359669"
  version = "v1.1"

[[projects]]
  name = "github.com/matttproud/golang_protobuf_extensions"
  packages = ["pbutil"]
  revision = "3247c84500bff8d9fb6d579d800f20b3e091582c"
  version = "v1.0.0"

[[projects]]
  name = "github.com/pmezard/go-difflib"
  packages = ["difflib"]
  revision = "792786c7400a136282c1664665ae0a8db921c6c2"
  version = "v1.0.0"

[[projects]]
  name = "github.com/prometheus/client_golang"
  packages = ["prometheus","prometheus/promhttp"]
  revision = "c5b7fccd204277076155f10851dad72b76a49317"
  version = "v0.8.0"

[[projects]]
  branch = "master"
  name = "github.com/prometheus/client_model"
  packages = ["go"]
  revision = "6f3806018612930941127f2a7c6c453ba2c527d2"

[[projects]]
  branch = "master"
  name = "github.com/prometheus/common"
  packages = ["expfmt","internal/bitbucket.org/ww/goautoneg","model"]
  revision = "2f17f4a9d485bf34b4bfaccc273805040e4f86c8"

[[projects]]
  branch = "master"
  name = "github.com/prometheus/procfs"
  packages = [".","xfs"]
  revision = "e645f4e5aaa8506fc71d6edbc5c4ff02c04c46f2"

[[projects]]
  name = "github.com/rs/cors"
  packages = ["."]
  revision = "7af7a1e09ba336d2ea14b1ce73bf693c6837dbf6"
  version = "v1.2"

[[projects]]
  branch = "master"
  name = "github.com/stretchr/objx"
  packages = ["."]
  revision = "1a9d0bb9f541897e62256577b352fdbc1fb4fd94"

[[projects]]
  name = "github.com/stretchr/testify"
  packages = ["assert","mock"]
  revision = "69483b4bd14f5845b5a1e55bca19e954e827f1d0"
  version = "v1.1.4"

[[projects]]
  branch = "master"
  name = "golang.org/x/net"
  packages = ["context"]
  revision = "8351a756f30f1297fe94bbf4b767ec589c6ea6d0"

[solve-meta]
  analyzer-name = "dep"
  analyzer-version = 1
  inputs-digest = "8f97f3dbcf0f53e057f930b8ef9843730a733c66c66e07b2eee33a2674539d2f"
  solver-name = "gps-cdcl"
  solver-version = 1
